// !$*UTF8*$!
{
	archiveVersion = 1;
	classes = {
	};
	objectVersion = 56;
	objects = {

/* Begin PBXBuildFile section */
		CB06C3432C81B55B00F2D323 /* CuteGirlsApp.swift in Sources */ = {isa = PBXBuildFile; fileRef = CB06C3422C81B55B00F2D323 /* CuteGirlsApp.swift */; };
		CB06C3452C81B55B00F2D323 /* ContentView.swift in Sources */ = {isa = PBXBuildFile; fileRef = CB06C3442C81B55B00F2D323 /* ContentView.swift */; };
		CB06C3472C81B55D00F2D323 /* Assets.xcassets in Resources */ = {isa = PBXBuildFile; fileRef = CB06C3462C81B55D00F2D323 /* Assets.xcassets */; };
		CB06C34A2C81B55D00F2D323 /* Preview Assets.xcassets in Resources */ = {isa = PBXBuildFile; fileRef = CB06C3492C81B55D00F2D323 /* Preview Assets.xcassets */; };
		CB06C3522C81B60900F2D323 /* CameraManager.swift in Sources */ = {isa = PBXBuildFile; fileRef = CB06C3512C81B60900F2D323 /* CameraManager.swift */; };
		CB06C3542C81B72600F2D323 /* CameraView.swift in Sources */ = {isa = PBXBuildFile; fileRef = CB06C3532C81B72600F2D323 /* CameraView.swift */; };
		CB225C342C82BD7B00500D7E /* HomeView.swift in Sources */ = {isa = PBXBuildFile; fileRef = CB225C332C82BD7B00500D7E /* HomeView.swift */; };
		CB3116D22C83718000594A8C /* UIImage+Assets.swift in Sources */ = {isa = PBXBuildFile; fileRef = CB3116D12C83718000594A8C /* UIImage+Assets.swift */; };
		CB3116D72C837C1C00594A8C /* TakePhotoView.swift in Sources */ = {isa = PBXBuildFile; fileRef = CB3116D62C837C1C00594A8C /* TakePhotoView.swift */; };
		CB3116D92C837C4600594A8C /* TakePhotoStore.swift in Sources */ = {isa = PBXBuildFile; fileRef = CB3116D82C837C4600594A8C /* TakePhotoStore.swift */; };
		CB4A40102C836D1F00D46356 /* HomeStore.swift in Sources */ = {isa = PBXBuildFile; fileRef = CB4A400F2C836D1F00D46356 /* HomeStore.swift */; };
		CBE228D52C836EFF004DFD60 /* ComposableArchitecture in Frameworks */ = {isa = PBXBuildFile; productRef = CBE228D42C836EFF004DFD60 /* ComposableArchitecture */; };
		CBE228D82C836F56004DFD60 /* CobyDS in Frameworks */ = {isa = PBXBuildFile; productRef = CBE228D72C836F56004DFD60 /* CobyDS */; };
/* End PBXBuildFile section */

/* Begin PBXFileReference section */
		CB06C33F2C81B55B00F2D323 /* CuteGirls.app */ = {isa = PBXFileReference; explicitFileType = wrapper.application; includeInIndex = 0; path = CuteGirls.app; sourceTree = BUILT_PRODUCTS_DIR; };
		CB06C3422C81B55B00F2D323 /* CuteGirlsApp.swift */ = {isa = PBXFileReference; lastKnownFileType = sourcecode.swift; path = CuteGirlsApp.swift; sourceTree = "<group>"; };
		CB06C3442C81B55B00F2D323 /* ContentView.swift */ = {isa = PBXFileReference; lastKnownFileType = sourcecode.swift; path = ContentView.swift; sourceTree = "<group>"; };
		CB06C3462C81B55D00F2D323 /* Assets.xcassets */ = {isa = PBXFileReference; lastKnownFileType = folder.assetcatalog; path = Assets.xcassets; sourceTree = "<group>"; };
		CB06C3492C81B55D00F2D323 /* Preview Assets.xcassets */ = {isa = PBXFileReference; lastKnownFileType = folder.assetcatalog; path = "Preview Assets.xcassets"; sourceTree = "<group>"; };
		CB06C3512C81B60900F2D323 /* CameraManager.swift */ = {isa = PBXFileReference; lastKnownFileType = sourcecode.swift; path = CameraManager.swift; sourceTree = "<group>"; };
		CB06C3532C81B72600F2D323 /* CameraView.swift */ = {isa = PBXFileReference; lastKnownFileType = sourcecode.swift; path = CameraView.swift; sourceTree = "<group>"; };
		CB225C332C82BD7B00500D7E /* HomeView.swift */ = {isa = PBXFileReference; lastKnownFileType = sourcecode.swift; path = HomeView.swift; sourceTree = "<group>"; };
		CB3116D12C83718000594A8C /* UIImage+Assets.swift */ = {isa = PBXFileReference; lastKnownFileType = sourcecode.swift; path = "UIImage+Assets.swift"; sourceTree = "<group>"; };
		CB3116D62C837C1C00594A8C /* TakePhotoView.swift */ = {isa = PBXFileReference; lastKnownFileType = sourcecode.swift; path = TakePhotoView.swift; sourceTree = "<group>"; };
		CB3116D82C837C4600594A8C /* TakePhotoStore.swift */ = {isa = PBXFileReference; lastKnownFileType = sourcecode.swift; path = TakePhotoStore.swift; sourceTree = "<group>"; };
		CB4A400F2C836D1F00D46356 /* HomeStore.swift */ = {isa = PBXFileReference; lastKnownFileType = sourcecode.swift; path = HomeStore.swift; sourceTree = "<group>"; };
/* End PBXFileReference section */

/* Begin PBXFrameworksBuildPhase section */
		CB06C33C2C81B55B00F2D323 /* Frameworks */ = {
			isa = PBXFrameworksBuildPhase;
			buildActionMask = 2147483647;
			files = (
				CBE228D82C836F56004DFD60 /* CobyDS in Frameworks */,
				CBE228D52C836EFF004DFD60 /* ComposableArchitecture in Frameworks */,
			);
			runOnlyForDeploymentPostprocessing = 0;
		};
/* End PBXFrameworksBuildPhase section */

/* Begin PBXGroup section */
		CB06C3362C81B55B00F2D323 = {
			isa = PBXGroup;
			children = (
				CB06C3412C81B55B00F2D323 /* CuteGirls */,
				CB06C3402C81B55B00F2D323 /* Products */,
			);
			sourceTree = "<group>";
		};
		CB06C3402C81B55B00F2D323 /* Products */ = {
			isa = PBXGroup;
			children = (
				CB06C33F2C81B55B00F2D323 /* CuteGirls.app */,
			);
			name = Products;
			sourceTree = "<group>";
		};
		CB06C3412C81B55B00F2D323 /* CuteGirls */ = {
			isa = PBXGroup;
			children = (
				CB225C302C82BD4600500D7E /* Presentation */,
				CB225C352C82BD8D00500D7E /* Supports */,
				CB225C362C82BDA500500D7E /* Resource */,
				CB06C3482C81B55D00F2D323 /* Preview Content */,
			);
			path = CuteGirls;
			sourceTree = "<group>";
		};
		CB06C3482C81B55D00F2D323 /* Preview Content */ = {
			isa = PBXGroup;
			children = (
				CB06C3492C81B55D00F2D323 /* Preview Assets.xcassets */,
			);
			path = "Preview Content";
			sourceTree = "<group>";
		};
		CB06C3502C81B60000F2D323 /* Utils */ = {
			isa = PBXGroup;
			children = (
				CB06C3512C81B60900F2D323 /* CameraManager.swift */,
			);
			path = Utils;
			sourceTree = "<group>";
		};
		CB225C302C82BD4600500D7E /* Presentation */ = {
			isa = PBXGroup;
			children = (
				CB225C312C82BD6500500D7E /* Home */,
				CB225C322C82BD6A00500D7E /* TakePhotoView */,
			);
			path = Presentation;
			sourceTree = "<group>";
		};
		CB225C312C82BD6500500D7E /* Home */ = {
			isa = PBXGroup;
			children = (
				CB225C332C82BD7B00500D7E /* HomeView.swift */,
				CB4A400F2C836D1F00D46356 /* HomeStore.swift */,
			);
			path = Home;
			sourceTree = "<group>";
		};
		CB225C322C82BD6A00500D7E /* TakePhotoView */ = {
			isa = PBXGroup;
			children = (
				CB3116D32C83768800594A8C /* Component */,
				CB3116D62C837C1C00594A8C /* TakePhotoView.swift */,
				CB3116D82C837C4600594A8C /* TakePhotoStore.swift */,
			);
			path = TakePhotoView;
			sourceTree = "<group>";
		};
		CB225C352C82BD8D00500D7E /* Supports */ = {
			isa = PBXGroup;
			children = (
				CB06C3502C81B60000F2D323 /* Utils */,
				CB225C372C82BDB900500D7E /* Extensions */,
				CB06C3422C81B55B00F2D323 /* CuteGirlsApp.swift */,
				CB06C3442C81B55B00F2D323 /* ContentView.swift */,
			);
			path = Supports;
			sourceTree = "<group>";
		};
		CB225C362C82BDA500500D7E /* Resource */ = {
			isa = PBXGroup;
			children = (
				CB06C3462C81B55D00F2D323 /* Assets.xcassets */,
				CB3116D12C83718000594A8C /* UIImage+Assets.swift */,
			);
			path = Resource;
			sourceTree = "<group>";
		};
		CB225C372C82BDB900500D7E /* Extensions */ = {
			isa = PBXGroup;
			children = (
			);
			path = Extensions;
			sourceTree = "<group>";
		};
		CB3116D32C83768800594A8C /* Component */ = {
			isa = PBXGroup;
			children = (
				CB06C3532C81B72600F2D323 /* CameraView.swift */,
			);
			path = Component;
			sourceTree = "<group>";
		};
/* End PBXGroup section */

/* Begin PBXNativeTarget section */
		CB06C33E2C81B55B00F2D323 /* CuteGirls */ = {
			isa = PBXNativeTarget;
			buildConfigurationList = CB06C34D2C81B55D00F2D323 /* Build configuration list for PBXNativeTarget "CuteGirls" */;
			buildPhases = (
				CB06C33B2C81B55B00F2D323 /* Sources */,
				CB06C33C2C81B55B00F2D323 /* Frameworks */,
				CB06C33D2C81B55B00F2D323 /* Resources */,
			);
			buildRules = (
			);
			dependencies = (
			);
			name = CuteGirls;
			packageProductDependencies = (
				CBE228D42C836EFF004DFD60 /* ComposableArchitecture */,
				CBE228D72C836F56004DFD60 /* CobyDS */,
			);
			productName = CuteGirls;
			productReference = CB06C33F2C81B55B00F2D323 /* CuteGirls.app */;
			productType = "com.apple.product-type.application";
		};
/* End PBXNativeTarget section */

/* Begin PBXProject section */
		CB06C3372C81B55B00F2D323 /* Project object */ = {
			isa = PBXProject;
			attributes = {
				BuildIndependentTargetsInParallel = 1;
				LastSwiftUpdateCheck = 1540;
				LastUpgradeCheck = 1540;
				TargetAttributes = {
					CB06C33E2C81B55B00F2D323 = {
						CreatedOnToolsVersion = 15.4;
					};
				};
			};
			buildConfigurationList = CB06C33A2C81B55B00F2D323 /* Build configuration list for PBXProject "CuteGirls" */;
			compatibilityVersion = "Xcode 14.0";
			developmentRegion = en;
			hasScannedForEncodings = 0;
			knownRegions = (
				en,
				Base,
			);
			mainGroup = CB06C3362C81B55B00F2D323;
			packageReferences = (
				CBE228D32C836EFF004DFD60 /* XCRemoteSwiftPackageReference "swift-composable-architecture" */,
				CBE228D62C836F56004DFD60 /* XCRemoteSwiftPackageReference "CobyDS" */,
			);
			productRefGroup = CB06C3402C81B55B00F2D323 /* Products */;
			projectDirPath = "";
			projectRoot = "";
			targets = (
				CB06C33E2C81B55B00F2D323 /* CuteGirls */,
			);
		};
/* End PBXProject section */

/* Begin PBXResourcesBuildPhase section */
		CB06C33D2C81B55B00F2D323 /* Resources */ = {
			isa = PBXResourcesBuildPhase;
			buildActionMask = 2147483647;
			files = (
				CB06C34A2C81B55D00F2D323 /* Preview Assets.xcassets in Resources */,
				CB06C3472C81B55D00F2D323 /* Assets.xcassets in Resources */,
			);
			runOnlyForDeploymentPostprocessing = 0;
		};
/* End PBXResourcesBuildPhase section */

/* Begin PBXSourcesBuildPhase section */
		CB06C33B2C81B55B00F2D323 /* Sources */ = {
			isa = PBXSourcesBuildPhase;
			buildActionMask = 2147483647;
			files = (
				CB06C3452C81B55B00F2D323 /* ContentView.swift in Sources */,
				CB3116D72C837C1C00594A8C /* TakePhotoView.swift in Sources */,
				CB06C3522C81B60900F2D323 /* CameraManager.swift in Sources */,
				CB4A40102C836D1F00D46356 /* HomeStore.swift in Sources */,
				CB3116D92C837C4600594A8C /* TakePhotoStore.swift in Sources */,
				CB225C342C82BD7B00500D7E /* HomeView.swift in Sources */,
				CB06C3432C81B55B00F2D323 /* CuteGirlsApp.swift in Sources */,
				CB3116D22C83718000594A8C /* UIImage+Assets.swift in Sources */,
				CB06C3542C81B72600F2D323 /* CameraView.swift in Sources */,
			);
			runOnlyForDeploymentPostprocessing = 0;
		};
/* End PBXSourcesBuildPhase section */

/* Begin XCBuildConfiguration section */
		CB06C34B2C81B55D00F2D323 /* Debug */ = {
			isa = XCBuildConfiguration;
			buildSettings = {
				ALWAYS_SEARCH_USER_PATHS = NO;
				ASSETCATALOG_COMPILER_GENERATE_SWIFT_ASSET_SYMBOL_EXTENSIONS = YES;
				CLANG_ANALYZER_NONNULL = YES;
				CLANG_ANALYZER_NUMBER_OBJECT_CONVERSION = YES_AGGRESSIVE;
				CLANG_CXX_LANGUAGE_STANDARD = "gnu++20";
				CLANG_ENABLE_MODULES = YES;
				CLANG_ENABLE_OBJC_ARC = YES;
				CLANG_ENABLE_OBJC_WEAK = YES;
				CLANG_WARN_BLOCK_CAPTURE_AUTORELEASING = YES;
				CLANG_WARN_BOOL_CONVERSION = YES;
				CLANG_WARN_COMMA = YES;
				CLANG_WARN_CONSTANT_CONVERSION = YES;
				CLANG_WARN_DEPRECATED_OBJC_IMPLEMENTATIONS = YES;
				CLANG_WARN_DIRECT_OBJC_ISA_USAGE = YES_ERROR;
				CLANG_WARN_DOCUMENTATION_COMMENTS = YES;
				CLANG_WARN_EMPTY_BODY = YES;
				CLANG_WARN_ENUM_CONVERSION = YES;
				CLANG_WARN_INFINITE_RECURSION = YES;
				CLANG_WARN_INT_CONVERSION = YES;
				CLANG_WARN_NON_LITERAL_NULL_CONVERSION = YES;
				CLANG_WARN_OBJC_IMPLICIT_RETAIN_SELF = YES;
				CLANG_WARN_OBJC_LITERAL_CONVERSION = YES;
				CLANG_WARN_OBJC_ROOT_CLASS = YES_ERROR;
				CLANG_WARN_QUOTED_INCLUDE_IN_FRAMEWORK_HEADER = YES;
				CLANG_WARN_RANGE_LOOP_ANALYSIS = YES;
				CLANG_WARN_STRICT_PROTOTYPES = YES;
				CLANG_WARN_SUSPICIOUS_MOVE = YES;
				CLANG_WARN_UNGUARDED_AVAILABILITY = YES_AGGRESSIVE;
				CLANG_WARN_UNREACHABLE_CODE = YES;
				CLANG_WARN__DUPLICATE_METHOD_MATCH = YES;
				COPY_PHASE_STRIP = NO;
				DEBUG_INFORMATION_FORMAT = dwarf;
				ENABLE_STRICT_OBJC_MSGSEND = YES;
				ENABLE_TESTABILITY = YES;
				ENABLE_USER_SCRIPT_SANDBOXING = YES;
				GCC_C_LANGUAGE_STANDARD = gnu17;
				GCC_DYNAMIC_NO_PIC = NO;
				GCC_NO_COMMON_BLOCKS = YES;
				GCC_OPTIMIZATION_LEVEL = 0;
				GCC_PREPROCESSOR_DEFINITIONS = (
					"DEBUG=1",
					"$(inherited)",
				);
				GCC_WARN_64_TO_32_BIT_CONVERSION = YES;
				GCC_WARN_ABOUT_RETURN_TYPE = YES_ERROR;
				GCC_WARN_UNDECLARED_SELECTOR = YES;
				GCC_WARN_UNINITIALIZED_AUTOS = YES_AGGRESSIVE;
				GCC_WARN_UNUSED_FUNCTION = YES;
				GCC_WARN_UNUSED_VARIABLE = YES;
				IPHONEOS_DEPLOYMENT_TARGET = 17.0;
				LOCALIZATION_PREFERS_STRING_CATALOGS = YES;
				MTL_ENABLE_DEBUG_INFO = INCLUDE_SOURCE;
				MTL_FAST_MATH = YES;
				ONLY_ACTIVE_ARCH = YES;
				SDKROOT = iphoneos;
				SWIFT_ACTIVE_COMPILATION_CONDITIONS = "DEBUG $(inherited)";
				SWIFT_OPTIMIZATION_LEVEL = "-Onone";
			};
			name = Debug;
		};
		CB06C34C2C81B55D00F2D323 /* Release */ = {
			isa = XCBuildConfiguration;
			buildSettings = {
				ALWAYS_SEARCH_USER_PATHS = NO;
				ASSETCATALOG_COMPILER_GENERATE_SWIFT_ASSET_SYMBOL_EXTENSIONS = YES;
				CLANG_ANALYZER_NONNULL = YES;
				CLANG_ANALYZER_NUMBER_OBJECT_CONVERSION = YES_AGGRESSIVE;
				CLANG_CXX_LANGUAGE_STANDARD = "gnu++20";
				CLANG_ENABLE_MODULES = YES;
				CLANG_ENABLE_OBJC_ARC = YES;
				CLANG_ENABLE_OBJC_WEAK = YES;
				CLANG_WARN_BLOCK_CAPTURE_AUTORELEASING = YES;
				CLANG_WARN_BOOL_CONVERSION = YES;
				CLANG_WARN_COMMA = YES;
				CLANG_WARN_CONSTANT_CONVERSION = YES;
				CLANG_WARN_DEPRECATED_OBJC_IMPLEMENTATIONS = YES;
				CLANG_WARN_DIRECT_OBJC_ISA_USAGE = YES_ERROR;
				CLANG_WARN_DOCUMENTATION_COMMENTS = YES;
				CLANG_WARN_EMPTY_BODY = YES;
				CLANG_WARN_ENUM_CONVERSION = YES;
				CLANG_WARN_INFINITE_RECURSION = YES;
				CLANG_WARN_INT_CONVERSION = YES;
				CLANG_WARN_NON_LITERAL_NULL_CONVERSION = YES;
				CLANG_WARN_OBJC_IMPLICIT_RETAIN_SELF = YES;
				CLANG_WARN_OBJC_LITERAL_CONVERSION = YES;
				CLANG_WARN_OBJC_ROOT_CLASS = YES_ERROR;
				CLANG_WARN_QUOTED_INCLUDE_IN_FRAMEWORK_HEADER = YES;
				CLANG_WARN_RANGE_LOOP_ANALYSIS = YES;
				CLANG_WARN_STRICT_PROTOTYPES = YES;
				CLANG_WARN_SUSPICIOUS_MOVE = YES;
				CLANG_WARN_UNGUARDED_AVAILABILITY = YES_AGGRESSIVE;
				CLANG_WARN_UNREACHABLE_CODE = YES;
				CLANG_WARN__DUPLICATE_METHOD_MATCH = YES;
				COPY_PHASE_STRIP = NO;
				DEBUG_INFORMATION_FORMAT = "dwarf-with-dsym";
				ENABLE_NS_ASSERTIONS = NO;
				ENABLE_STRICT_OBJC_MSGSEND = YES;
				ENABLE_USER_SCRIPT_SANDBOXING = YES;
				GCC_C_LANGUAGE_STANDARD = gnu17;
				GCC_NO_COMMON_BLOCKS = YES;
				GCC_WARN_64_TO_32_BIT_CONVERSION = YES;
				GCC_WARN_ABOUT_RETURN_TYPE = YES_ERROR;
				GCC_WARN_UNDECLARED_SELECTOR = YES;
				GCC_WARN_UNINITIALIZED_AUTOS = YES_AGGRESSIVE;
				GCC_WARN_UNUSED_FUNCTION = YES;
				GCC_WARN_UNUSED_VARIABLE = YES;
				IPHONEOS_DEPLOYMENT_TARGET = 17.0;
				LOCALIZATION_PREFERS_STRING_CATALOGS = YES;
				MTL_ENABLE_DEBUG_INFO = NO;
				MTL_FAST_MATH = YES;
				SDKROOT = iphoneos;
				SWIFT_COMPILATION_MODE = wholemodule;
				VALIDATE_PRODUCT = YES;
			};
			name = Release;
		};
		CB06C34E2C81B55D00F2D323 /* Debug */ = {
			isa = XCBuildConfiguration;
			buildSettings = {
				ASSETCATALOG_COMPILER_APPICON_NAME = AppIcon;
				ASSETCATALOG_COMPILER_GLOBAL_ACCENT_COLOR_NAME = AccentColor;
				CODE_SIGN_STYLE = Automatic;
				CURRENT_PROJECT_VERSION = 1;
				DEVELOPMENT_ASSET_PATHS = "\"CuteGirls/Preview Content\"";
				DEVELOPMENT_TEAM = 3Y8YH8GWMM;
				ENABLE_PREVIEWS = YES;
				GENERATE_INFOPLIST_FILE = YES;
				INFOPLIST_KEY_LSApplicationCategoryType = "public.app-category.entertainment";
				INFOPLIST_KEY_NSCameraUsageDescription = "";
				INFOPLIST_KEY_UIApplicationSceneManifest_Generation = YES;
				INFOPLIST_KEY_UIApplicationSupportsIndirectInputEvents = YES;
				INFOPLIST_KEY_UILaunchScreen_Generation = YES;
				INFOPLIST_KEY_UISupportedInterfaceOrientations = UIInterfaceOrientationPortrait;
				INFOPLIST_KEY_UISupportedInterfaceOrientations_iPad = "UIInterfaceOrientationLandscapeLeft UIInterfaceOrientationLandscapeRight UIInterfaceOrientationPortrait UIInterfaceOrientationPortraitUpsideDown";
				IPHONEOS_DEPLOYMENT_TARGET = 17.0;
				LD_RUNPATH_SEARCH_PATHS = (
					"$(inherited)",
					"@executable_path/Frameworks",
				);
				MARKETING_VERSION = 1.0.0;
				PRODUCT_BUNDLE_IDENTIFIER = com.coby.CuteGirls;
				PRODUCT_NAME = "$(TARGET_NAME)";
				SUPPORTED_PLATFORMS = "iphoneos iphonesimulator";
				SUPPORTS_MACCATALYST = NO;
				SUPPORTS_MAC_DESIGNED_FOR_IPHONE_IPAD = NO;
				SUPPORTS_XR_DESIGNED_FOR_IPHONE_IPAD = NO;
				SWIFT_EMIT_LOC_STRINGS = YES;
				SWIFT_VERSION = 5.0;
				TARGETED_DEVICE_FAMILY = 1;
			};
			name = Debug;
		};
		CB06C34F2C81B55D00F2D323 /* Release */ = {
			isa = XCBuildConfiguration;
			buildSettings = {
				ASSETCATALOG_COMPILER_APPICON_NAME = AppIcon;
				ASSETCATALOG_COMPILER_GLOBAL_ACCENT_COLOR_NAME = AccentColor;
				CODE_SIGN_STYLE = Automatic;
				CURRENT_PROJECT_VERSION = 1;
				DEVELOPMENT_ASSET_PATHS = "\"CuteGirls/Preview Content\"";
				DEVELOPMENT_TEAM = 3Y8YH8GWMM;
				ENABLE_PREVIEWS = YES;
				GENERATE_INFOPLIST_FILE = YES;
				INFOPLIST_KEY_LSApplicationCategoryType = "public.app-category.entertainment";
				INFOPLIST_KEY_NSCameraUsageDescription = "";
				INFOPLIST_KEY_UIApplicationSceneManifest_Generation = YES;
				INFOPLIST_KEY_UIApplicationSupportsIndirectInputEvents = YES;
				INFOPLIST_KEY_UILaunchScreen_Generation = YES;
				INFOPLIST_KEY_UISupportedInterfaceOrientations = UIInterfaceOrientationPortrait;
				INFOPLIST_KEY_UISupportedInterfaceOrientations_iPad = "UIInterfaceOrientationLandscapeLeft UIInterfaceOrientationLandscapeRight UIInterfaceOrientationPortrait UIInterfaceOrientationPortraitUpsideDown";
				IPHONEOS_DEPLOYMENT_TARGET = 17.0;
				LD_RUNPATH_SEARCH_PATHS = (
					"$(inherited)",
					"@executable_path/Frameworks",
				);
				MARKETING_VERSION = 1.0.0;
				PRODUCT_BUNDLE_IDENTIFIER = com.coby.CuteGirls;
				PRODUCT_NAME = "$(TARGET_NAME)";
				SUPPORTED_PLATFORMS = "iphoneos iphonesimulator";
				SUPPORTS_MACCATALYST = NO;
				SUPPORTS_MAC_DESIGNED_FOR_IPHONE_IPAD = NO;
				SUPPORTS_XR_DESIGNED_FOR_IPHONE_IPAD = NO;
				SWIFT_EMIT_LOC_STRINGS = YES;
				SWIFT_VERSION = 5.0;
				TARGETED_DEVICE_FAMILY = 1;
			};
			name = Release;
		};
/* End XCBuildConfiguration section */

/* Begin XCConfigurationList section */
		CB06C33A2C81B55B00F2D323 /* Build configuration list for PBXProject "CuteGirls" */ = {
			isa = XCConfigurationList;
			buildConfigurations = (
				CB06C34B2C81B55D00F2D323 /* Debug */,
				CB06C34C2C81B55D00F2D323 /* Release */,
			);
			defaultConfigurationIsVisible = 0;
			defaultConfigurationName = Release;
		};
		CB06C34D2C81B55D00F2D323 /* Build configuration list for PBXNativeTarget "CuteGirls" */ = {
			isa = XCConfigurationList;
			buildConfigurations = (
				CB06C34E2C81B55D00F2D323 /* Debug */,
				CB06C34F2C81B55D00F2D323 /* Release */,
			);
			defaultConfigurationIsVisible = 0;
			defaultConfigurationName = Release;
		};
/* End XCConfigurationList section */

/* Begin XCRemoteSwiftPackageReference section */
		CBE228D32C836EFF004DFD60 /* XCRemoteSwiftPackageReference "swift-composable-architecture" */ = {
			isa = XCRemoteSwiftPackageReference;
			repositoryURL = "https://github.com/pointfreeco/swift-composable-architecture.git";
			requirement = {
				kind = upToNextMajorVersion;
				minimumVersion = 1.14.0;
			};
		};
		CBE228D62C836F56004DFD60 /* XCRemoteSwiftPackageReference "CobyDS" */ = {
			isa = XCRemoteSwiftPackageReference;
			repositoryURL = "https://github.com/CobyLibrary/CobyDS.git";
			requirement = {
				kind = upToNextMajorVersion;
				minimumVersion = 1.7.1;
			};
		};
/* End XCRemoteSwiftPackageReference section */

/* Begin XCSwiftPackageProductDependency section */
		CBE228D42C836EFF004DFD60 /* ComposableArchitecture */ = {
			isa = XCSwiftPackageProductDependency;
			package = CBE228D32C836EFF004DFD60 /* XCRemoteSwiftPackageReference "swift-composable-architecture" */;
			productName = ComposableArchitecture;
		};
		CBE228D72C836F56004DFD60 /* CobyDS */ = {
			isa = XCSwiftPackageProductDependency;
			package = CBE228D62C836F56004DFD60 /* XCRemoteSwiftPackageReference "CobyDS" */;
			productName = CobyDS;
		};
/* End XCSwiftPackageProductDependency section */
	};
	rootObject = CB06C3372C81B55B00F2D323 /* Project object */;
}
